// !$*UTF8*$!
{
	archiveVersion = 1;
	classes = {
	};
	objectVersion = 46;
	objects = {

/* Begin PBXBuildFile section */
		AF4F0BD61ECF4BD100728990 /* AppDelegate.swift in Sources */ = {isa = PBXBuildFile; fileRef = AF4F0BD51ECF4BD100728990 /* AppDelegate.swift */; };
		AF4F0BD81ECF4BD100728990 /* ViewController.swift in Sources */ = {isa = PBXBuildFile; fileRef = AF4F0BD71ECF4BD100728990 /* ViewController.swift */; };
		AF4F0BDB1ECF4BD100728990 /* Main.storyboard in Resources */ = {isa = PBXBuildFile; fileRef = AF4F0BD91ECF4BD100728990 /* Main.storyboard */; };
		AF4F0BDD1ECF4BD100728990 /* Assets.xcassets in Resources */ = {isa = PBXBuildFile; fileRef = AF4F0BDC1ECF4BD100728990 /* Assets.xcassets */; };
		AF4F0BE01ECF4BD100728990 /* LaunchScreen.storyboard in Resources */ = {isa = PBXBuildFile; fileRef = AF4F0BDE1ECF4BD100728990 /* LaunchScreen.storyboard */; };
		AF4F0BE81ECF4D4500728990 /* RecetasViewController.swift in Sources */ = {isa = PBXBuildFile; fileRef = AF4F0BE71ECF4D4500728990 /* RecetasViewController.swift */; };
/* End PBXBuildFile section */

/* Begin PBXFileReference section */
		AF4F0BD21ECF4BD100728990 /* recetas.app */ = {isa = PBXFileReference; explicitFileType = wrapper.application; includeInIndex = 0; path = recetas.app; sourceTree = BUILT_PRODUCTS_DIR; };
		AF4F0BD51ECF4BD100728990 /* AppDelegate.swift */ = {isa = PBXFileReference; lastKnownFileType = sourcecode.swift; path = AppDelegate.swift; sourceTree = "<group>"; };
		AF4F0BD71ECF4BD100728990 /* ViewController.swift */ = {isa = PBXFileReference; lastKnownFileType = sourcecode.swift; path = ViewController.swift; sourceTree = "<group>"; };
		AF4F0BDA1ECF4BD100728990 /* Base */ = {isa = PBXFileReference; lastKnownFileType = file.storyboard; name = Base; path = Base.lproj/Main.storyboard; sourceTree = "<group>"; };
		AF4F0BDC1ECF4BD100728990 /* Assets.xcassets */ = {isa = PBXFileReference; lastKnownFileType = folder.assetcatalog; path = Assets.xcassets; sourceTree = "<group>"; };
		AF4F0BDF1ECF4BD100728990 /* Base */ = {isa = PBXFileReference; lastKnownFileType = file.storyboard; name = Base; path = Base.lproj/LaunchScreen.storyboard; sourceTree = "<group>"; };
		AF4F0BE11ECF4BD100728990 /* Info.plist */ = {isa = PBXFileReference; lastKnownFileType = text.plist.xml; path = Info.plist; sourceTree = "<group>"; };
		AF4F0BE71ECF4D4500728990 /* RecetasViewController.swift */ = {isa = PBXFileReference; fileEncoding = 4; lastKnownFileType = sourcecode.swift; path = RecetasViewController.swift; sourceTree = "<group>"; };
/* End PBXFileReference section */

/* Begin PBXFrameworksBuildPhase section */
		AF4F0BCF1ECF4BD100728990 /* Frameworks */ = {
			isa = PBXFrameworksBuildPhase;
			buildActionMask = 2147483647;
			files = (
			);
			runOnlyForDeploymentPostprocessing = 0;
		};
/* End PBXFrameworksBuildPhase section */

/* Begin PBXGroup section */
		AF4F0BC91ECF4BD100728990 = {
			isa = PBXGroup;
			children = (
				AF4F0BD41ECF4BD100728990 /* recetas */,
				AF4F0BD31ECF4BD100728990 /* Products */,
			);
			sourceTree = "<group>";
		};
		AF4F0BD31ECF4BD100728990 /* Products */ = {
			isa = PBXGroup;
			children = (
				AF4F0BD21ECF4BD100728990 /* recetas.app */,
			);
			name = Products;
			sourceTree = "<group>";
		};
		AF4F0BD41ECF4BD100728990 /* recetas */ = {
			isa = PBXGroup;
			children = (
				AF4F0BD51ECF4BD100728990 /* AppDelegate.swift */,
				AF4F0BD71ECF4BD100728990 /* ViewController.swift */,
				AF4F0BD91ECF4BD100728990 /* Main.storyboard */,
				AF4F0BDC1ECF4BD100728990 /* Assets.xcassets */,
				AF4F0BDE1ECF4BD100728990 /* LaunchScreen.storyboard */,
				AF4F0BE11ECF4BD100728990 /* Info.plist */,
				AF4F0BE71ECF4D4500728990 /* RecetasViewController.swift */,
			);
			path = recetas;
			sourceTree = "<group>";
		};
/* End PBXGroup section */

/* Begin PBXNativeTarget section */
		AF4F0BD11ECF4BD100728990 /* recetas */ = {
			isa = PBXNativeTarget;
			buildConfigurationList = AF4F0BE41ECF4BD100728990 /* Build configuration list for PBXNativeTarget "recetas" */;
			buildPhases = (
				AF4F0BCE1ECF4BD100728990 /* Sources */,
				AF4F0BCF1ECF4BD100728990 /* Frameworks */,
				AF4F0BD01ECF4BD100728990 /* Resources */,
			);
			buildRules = (
			);
			dependencies = (
			);
			name = recetas;
			productName = recetas;
			productReference = AF4F0BD21ECF4BD100728990 /* recetas.app */;
			productType = "com.apple.product-type.application";
		};
/* End PBXNativeTarget section */

/* Begin PBXProject section */
		AF4F0BCA1ECF4BD100728990 /* Project object */ = {
			isa = PBXProject;
			attributes = {
				LastSwiftUpdateCheck = 0830;
				LastUpgradeCheck = 0830;
				ORGANIZATIONNAME = masteraaa;
				TargetAttributes = {
					AF4F0BD11ECF4BD100728990 = {
						CreatedOnToolsVersion = 8.3.2;
						ProvisioningStyle = Automatic;
					};
				};
			};
			buildConfigurationList = AF4F0BCD1ECF4BD100728990 /* Build configuration list for PBXProject "recetas" */;
			compatibilityVersion = "Xcode 3.2";
			developmentRegion = English;
			hasScannedForEncodings = 0;
			knownRegions = (
				en,
				Base,
			);
			mainGroup = AF4F0BC91ECF4BD100728990;
			productRefGroup = AF4F0BD31ECF4BD100728990 /* Products */;
			projectDirPath = "";
			projectRoot = "";
			targets = (
				AF4F0BD11ECF4BD100728990 /* recetas */,
			);
		};
/* End PBXProject section */

/* Begin PBXResourcesBuildPhase section */
		AF4F0BD01ECF4BD100728990 /* Resources */ = {
			isa = PBXResourcesBuildPhase;
			buildActionMask = 2147483647;
			files = (
				AF4F0BE01ECF4BD100728990 /* LaunchScreen.storyboard in Resources */,
				AF4F0BDD1ECF4BD100728990 /* Assets.xcassets in Resources */,
				AF4F0BDB1ECF4BD100728990 /* Main.storyboard in Resources */,
			);
			runOnlyForDeploymentPostprocessing = 0;
		};
/* End PBXResourcesBuildPhase section */

/* Begin PBXSourcesBuildPhase section */
		AF4F0BCE1ECF4BD100728990 /* Sources */ = {
			isa = PBXSourcesBuildPhase;
			buildActionMask = 2147483647;
			files = (
				AF4F0BD81ECF4BD100728990 /* ViewController.swift in Sources */,
				AF4F0BE81ECF4D4500728990 /* RecetasViewController.swift in Sources */,
				AF4F0BD61ECF4BD100728990 /* AppDelegate.swift in Sources */,
			);
			runOnlyForDeploymentPostprocessing = 0;
		};
/* End PBXSourcesBuildPhase section */

/* Begin PBXVariantGroup section */
		AF4F0BD91ECF4BD100728990 /* Main.storyboard */ = {
			isa = PBXVariantGroup;
			children = (
				AF4F0BDA1ECF4BD100728990 /* Base */,
			);
			name = Main.storyboard;
			sourceTree = "<group>";
		};
		AF4F0BDE1ECF4BD100728990 /* LaunchScreen.storyboard */ = {
			isa = PBXVariantGroup;
			children = (
				AF4F0BDF1ECF4BD100728990 /* Base */,
			);
			name = LaunchScreen.storyboard;
			sourceTree = "<group>";
		};
/* End PBXVariantGroup section */

/* Begin XCBuildConfiguration section */
		AF4F0BE21ECF4BD100728990 /* Debug */ = {
			isa = XCBuildConfiguration;
			buildSettings = {
				ALWAYS_SEARCH_USER_PATHS = NO;
				CLANG_ANALYZER_NONNULL = YES;
				CLANG_ANALYZER_NUMBER_OBJECT_CONVERSION = YES_AGGRESSIVE;
				CLANG_CXX_LANGUAGE_STANDARD = "gnu++0x";
				CLANG_CXX_LIBRARY = "libc++";
				CLANG_ENABLE_MODULES = YES;
				CLANG_ENABLE_OBJC_ARC = YES;
				CLANG_WARN_BOOL_CONVERSION = YES;
				CLANG_WARN_CONSTANT_CONVERSION = YES;
				CLANG_WARN_DIRECT_OBJC_ISA_USAGE = YES_ERROR;
				CLANG_WARN_DOCUMENTATION_COMMENTS = YES;
				CLANG_WARN_EMPTY_BODY = YES;
				CLANG_WARN_ENUM_CONVERSION = YES;
				CLANG_WARN_INFINITE_RECURSION = YES;
				CLANG_WARN_INT_CONVERSION = YES;
				CLANG_WARN_OBJC_ROOT_CLASS = YES_ERROR;
				CLANG_WARN_SUSPICIOUS_MOVE = YES;
				CLANG_WARN_UNREACHABLE_CODE = YES;
				CLANG_WARN__DUPLICATE_METHOD_MATCH = YES;
				"CODE_SIGN_IDENTITY[sdk=iphoneos*]" = "iPhone Developer";
				COPY_PHASE_STRIP = NO;
				DEBUG_INFORMATION_FORMAT = dwarf;
				ENABLE_STRICT_OBJC_MSGSEND = YES;
				ENABLE_TESTABILITY = YES;
				GCC_C_LANGUAGE_STANDARD = gnu99;
				GCC_DYNAMIC_NO_PIC = NO;
				GCC_NO_COMMON_BLOCKS = YES;
				GCC_OPTIMIZATION_LEVEL = 0;
				GCC_PREPROCESSOR_DEFINITIONS = (
					"DEBUG=1",
					"$(inherited)",
				);
				GCC_WARN_64_TO_32_BIT_CONVERSION = YES;
				GCC_WARN_ABOUT_RETURN_TYPE = YES_ERROR;
				GCC_WARN_UNDECLARED_SELECTOR = YES;
				GCC_WARN_UNINITIALIZED_AUTOS = YES_AGGRESSIVE;
				GCC_WARN_UNUSED_FUNCTION = YES;
				GCC_WARN_UNUSED_VARIABLE = YES;
				IPHONEOS_DEPLOYMENT_TARGET = 10.3;
				MTL_ENABLE_DEBUG_INFO = YES;
				ONLY_ACTIVE_ARCH = YES;
				SDKROOT = iphoneos;
				SWIFT_ACTIVE_COMPILATION_CONDITIONS = DEBUG;
				SWIFT_OPTIMIZATION_LEVEL = "-Onone";
				TARGETED_DEVICE_FAMILY = "1,2";
			};
			name = Debug;
		};
		AF4F0BE31ECF4BD100728990 /* Release */ = {
			isa = XCBuildConfiguration;
			buildSettings = {
				ALWAYS_SEARCH_USER_PATHS = NO;
				CLANG_ANALYZER_NONNULL = YES;
				CLANG_ANALYZER_NUMBER_OBJECT_CONVERSION = YES_AGGRESSIVE;
				CLANG_CXX_LANGUAGE_STANDARD = "gnu++0x";
				CLANG_CXX_LIBRARY = "libc++";
				CLANG_ENABLE_MODULES = YES;
				CLANG_ENABLE_OBJC_ARC = YES;
				CLANG_WARN_BOOL_CONVERSION = YES;
				CLANG_WARN_CONSTANT_CONVERSION = YES;
				CLANG_WARN_DIRECT_OBJC_ISA_USAGE = YES_ERROR;
				CLANG_WARN_DOCUMENTATION_COMMENTS = YES;
				CLANG_WARN_EMPTY_BODY = YES;
				CLANG_WARN_ENUM_CONVERSION = YES;
				CLANG_WARN_INFINITE_RECURSION = YES;
				CLANG_WARN_INT_CONVERSION = YES;
				CLANG_WARN_OBJC_ROOT_CLASS = YES_ERROR;
				CLANG_WARN_SUSPICIOUS_MOVE = YES;
				CLANG_WARN_UNREACHABLE_CODE = YES;
				CLANG_WARN__DUPLICATE_METHOD_MATCH = YES;
				"CODE_SIGN_IDENTITY[sdk=iphoneos*]" = "iPhone Developer";
				COPY_PHASE_STRIP = NO;
				DEBUG_INFORMATION_FORMAT = "dwarf-with-dsym";
				ENABLE_NS_ASSERTIONS = NO;
				ENABLE_STRICT_OBJC_MSGSEND = YES;
				GCC_C_LANGUAGE_STANDARD = gnu99;
				GCC_NO_COMMON_BLOCKS = YES;
				GCC_WARN_64_TO_32_BIT_CONVERSION = YES;
				GCC_WARN_ABOUT_RETURN_TYPE = YES_ERROR;
				GCC_WARN_UNDECLARED_SELECTOR = YES;
				GCC_WARN_UNINITIALIZED_AUTOS = YES_AGGRESSIVE;
				GCC_WARN_UNUSED_FUNCTION = YES;
				GCC_WARN_UNUSED_VARIABLE = YES;
				IPHONEOS_DEPLOYMENT_TARGET = 10.3;
				MTL_ENABLE_DEBUG_INFO = NO;
				SDKROOT = iphoneos;
				SWIFT_OPTIMIZATION_LEVEL = "-Owholemodule";
				TARGETED_DEVICE_FAMILY = "1,2";
				VALIDATE_PRODUCT = YES;
			};
			name = Release;
		};
		AF4F0BE51ECF4BD100728990 /* Debug */ = {
			isa = XCBuildConfiguration;
			buildSettings = {
				ASSETCATALOG_COMPILER_APPICON_NAME = AppIcon;
				INFOPLIST_FILE = recetas/Info.plist;
				LD_RUNPATH_SEARCH_PATHS = "$(inherited) @executable_path/Frameworks";
				PRODUCT_BUNDLE_IDENTIFIER = com.mig21bb.recetas;
				PRODUCT_NAME = "$(TARGET_NAME)";
				SWIFT_VERSION = 3.0;
			};
			name = Debug;
		};
		AF4F0BE61ECF4BD100728990 /* Release */ = {
			isa = XCBuildConfiguration;
			buildSettings = {
				ASSETCATALOG_COMPILER_APPICON_NAME = AppIcon;
				INFOPLIST_FILE = recetas/Info.plist;
				LD_RUNPATH_SEARCH_PATHS = "$(inherited) @executable_path/Frameworks";
				PRODUCT_BUNDLE_IDENTIFIER = com.mig21bb.recetas;
				PRODUCT_NAME = "$(TARGET_NAME)";
				SWIFT_VERSION = 3.0;
			};
			name = Release;
		};
/* End XCBuildConfiguration section */

/* Begin XCConfigurationList section */
		AF4F0BCD1ECF4BD100728990 /* Build configuration list for PBXProject "recetas" */ = {
			isa = XCConfigurationList;
			buildConfigurations = (
				AF4F0BE21ECF4BD100728990 /* Debug */,
				AF4F0BE31ECF4BD100728990 /* Release */,
			);
			defaultConfigurationIsVisible = 0;
			defaultConfigurationName = Release;
		};
		AF4F0BE41ECF4BD100728990 /* Build configuration list for PBXNativeTarget "recetas" */ = {
			isa = XCConfigurationList;
			buildConfigurations = (
				AF4F0BE51ECF4BD100728990 /* Debug */,
				AF4F0BE61ECF4BD100728990 /* Release */,
			);
			defaultConfigurationIsVisible = 0;
		};
/* End XCConfigurationList section */
	};
	rootObject = AF4F0BCA1ECF4BD100728990 /* Project object */;
}
